
Microsoft Visual Studio Solution File, Format Version 12.00
# Visual Studio Version 16
VisualStudioVersion = 16.0.33927.289
MinimumVisualStudioVersion = 10.0.40219.1
Project("{2150E333-8FDC-42A3-9474-1A3956D46DE8}") = "Task0", "Task0", "{D9E4F1CD-54FD-499A-9427-36B0C83CED36}"
EndProject
Project("{FAE04EC0-301F-11D3-BF4B-00C04F79EFBC}") = "Tyuiu.MedvedevA.Sprint5.Task0.V12", "Tyuiu.MedvedevA.Sprint5.Task0.V12\Tyuiu.MedvedevA.Sprint5.Task0.V12.csproj", "{9DF6B82C-F47A-4E9E-9CC3-E99AC69A0962}"
EndProject
Project("{FAE04EC0-301F-11D3-BF4B-00C04F79EFBC}") = "Tyuiu.MedvedevA.Sprint5.Task0.V12.Lib", "Tyuiu.MedvedevA.Sprint5.Task0.V12.Lib\Tyuiu.MedvedevA.Sprint5.Task0.V12.Lib.csproj", "{52DFE81E-1860-4870-AE76-AE72A5C29F13}"
EndProject
Project("{FAE04EC0-301F-11D3-BF4B-00C04F79EFBC}") = "Tyuiu.MedvedevA.Sprint5.Task0.V12.Test", "Tyuiu.MedvedevA.Sprint5.Task0.V12.Test\Tyuiu.MedvedevA.Sprint5.Task0.V12.Test.csproj", "{1B66363B-792C-475A-8AF5-D04629148CBA}"
EndProject
Project("{2150E333-8FDC-42A3-9474-1A3956D46DE8}") = "Task1", "Task1", "{882616D9-D8CF-4BB1-8492-E6BE8C863B1B}"
EndProject
Project("{FAE04EC0-301F-11D3-BF4B-00C04F79EFBC}") = "Tyuiu.MedvedevA.Sprint5.Task1.V16", "Tyuiu.MedvedevA.Sprint5.Task1.V16\Tyuiu.MedvedevA.Sprint5.Task1.V16.csproj", "{C48074E8-8236-46C5-B1DF-BBC2C0C3977F}"
EndProject
Project("{FAE04EC0-301F-11D3-BF4B-00C04F79EFBC}") = "Tyuiu.MedvedevA.Sprint5.Task1.V16.Lib", "Tyuiu.MedvedevA.Sprint5.Task1.V16.Lib\Tyuiu.MedvedevA.Sprint5.Task1.V16.Lib.csproj", "{A1239A23-0162-40A5-9896-E1FEF7854350}"
EndProject
Project("{FAE04EC0-301F-11D3-BF4B-00C04F79EFBC}") = "Tyuiu.MedvedevA.Sprint5.Task1.V16.Test", "Tyuiu.MedvedevA.Sprint5.Task1.V16.Test\Tyuiu.MedvedevA.Sprint5.Task1.V16.Test.csproj", "{F643C798-16CD-47C2-B8C7-5657B3885762}"
EndProject
Project("{2150E333-8FDC-42A3-9474-1A3956D46DE8}") = "Task2", "Task2", "{AB6C73C1-B9FC-4E78-BA19-A9CF19D2BDE3}"
EndProject
Project("{FAE04EC0-301F-11D3-BF4B-00C04F79EFBC}") = "Tyuiu.MedvedevA.Sprint5.Task2.V17", "Tyuiu.MedvedevA.Sprint5.Task2.V17\Tyuiu.MedvedevA.Sprint5.Task2.V17.csproj", "{EE1DB23B-7979-4F8A-80DF-25BF1BCFFA82}"
EndProject
Project("{FAE04EC0-301F-11D3-BF4B-00C04F79EFBC}") = "Tyuiu.MedvedevA.Sprint5.Task2.V17.Lib", "Tyuiu.MedvedevA.Sprint5.Task2.V17.Lib\Tyuiu.MedvedevA.Sprint5.Task2.V17.Lib.csproj", "{67A4B10E-234A-47C1-8247-47BE5AA016AB}"
EndProject
Project("{FAE04EC0-301F-11D3-BF4B-00C04F79EFBC}") = "Tyuiu.MedvedevA.Sprint5.Task2.V17.Test", "Tyuiu.MedvedevA.Sprint5.Task2.V17.Test\Tyuiu.MedvedevA.Sprint5.Task2.V17.Test.csproj", "{2CAED0E9-0B3B-457A-A076-9EC4120EDE8E}"
EndProject
Project("{2150E333-8FDC-42A3-9474-1A3956D46DE8}") = "Task3", "Task3", "{7425C8B4-F1E1-4C84-BAD3-F34879CEE016}"
EndProject
Project("{FAE04EC0-301F-11D3-BF4B-00C04F79EFBC}") = "Tyuiu.MedvedevA.Sprint5.Task3.V26", "Tyuiu.MedvedevA.Sprint5.Task3.V26\Tyuiu.MedvedevA.Sprint5.Task3.V26.csproj", "{F355ABB4-9E0A-428A-943C-45DDA1599EA6}"
EndProject
Project("{FAE04EC0-301F-11D3-BF4B-00C04F79EFBC}") = "Tyuiu.MedvedevA.Sprint5.Task3.V26.Lib", "Tyuiu.MedvedevA.Sprint5.Task3.V26.Lib\Tyuiu.MedvedevA.Sprint5.Task3.V26.Lib.csproj", "{853BA497-9A44-4F4B-9D8F-84E739F9263F}"
EndProject
Project("{FAE04EC0-301F-11D3-BF4B-00C04F79EFBC}") = "Tyuiu.MedvedevA.Sprint5.Task3.V26.Test", "Tyuiu.MedvedevA.Sprint5.Task3.V26.Test\Tyuiu.MedvedevA.Sprint5.Task3.V26.Test.csproj", "{69D792BF-1C3B-411B-B7AB-F247326D63BC}"
EndProject
Global
	GlobalSection(SolutionConfigurationPlatforms) = preSolution
		Debug|Any CPU = Debug|Any CPU
		Release|Any CPU = Release|Any CPU
	EndGlobalSection
	GlobalSection(ProjectConfigurationPlatforms) = postSolution
		{9DF6B82C-F47A-4E9E-9CC3-E99AC69A0962}.Debug|Any CPU.ActiveCfg = Debug|Any CPU
		{9DF6B82C-F47A-4E9E-9CC3-E99AC69A0962}.Debug|Any CPU.Build.0 = Debug|Any CPU
		{9DF6B82C-F47A-4E9E-9CC3-E99AC69A0962}.Release|Any CPU.ActiveCfg = Release|Any CPU
		{9DF6B82C-F47A-4E9E-9CC3-E99AC69A0962}.Release|Any CPU.Build.0 = Release|Any CPU
		{52DFE81E-1860-4870-AE76-AE72A5C29F13}.Debug|Any CPU.ActiveCfg = Debug|Any CPU
		{52DFE81E-1860-4870-AE76-AE72A5C29F13}.Debug|Any CPU.Build.0 = Debug|Any CPU
		{52DFE81E-1860-4870-AE76-AE72A5C29F13}.Release|Any CPU.ActiveCfg = Release|Any CPU
		{52DFE81E-1860-4870-AE76-AE72A5C29F13}.Release|Any CPU.Build.0 = Release|Any CPU
		{1B66363B-792C-475A-8AF5-D04629148CBA}.Debug|Any CPU.ActiveCfg = Debug|Any CPU
		{1B66363B-792C-475A-8AF5-D04629148CBA}.Debug|Any CPU.Build.0 = Debug|Any CPU
		{1B66363B-792C-475A-8AF5-D04629148CBA}.Release|Any CPU.ActiveCfg = Release|Any CPU
		{1B66363B-792C-475A-8AF5-D04629148CBA}.Release|Any CPU.Build.0 = Release|Any CPU
		{C48074E8-8236-46C5-B1DF-BBC2C0C3977F}.Debug|Any CPU.ActiveCfg = Debug|Any CPU
		{C48074E8-8236-46C5-B1DF-BBC2C0C3977F}.Debug|Any CPU.Build.0 = Debug|Any CPU
		{C48074E8-8236-46C5-B1DF-BBC2C0C3977F}.Release|Any CPU.ActiveCfg = Release|Any CPU
		{C48074E8-8236-46C5-B1DF-BBC2C0C3977F}.Release|Any CPU.Build.0 = Release|Any CPU
		{A1239A23-0162-40A5-9896-E1FEF7854350}.Debug|Any CPU.ActiveCfg = Debug|Any CPU
		{A1239A23-0162-40A5-9896-E1FEF7854350}.Debug|Any CPU.Build.0 = Debug|Any CPU
		{A1239A23-0162-40A5-9896-E1FEF7854350}.Release|Any CPU.ActiveCfg = Release|Any CPU
		{A1239A23-0162-40A5-9896-E1FEF7854350}.Release|Any CPU.Build.0 = Release|Any CPU
		{F643C798-16CD-47C2-B8C7-5657B3885762}.Debug|Any CPU.ActiveCfg = Debug|Any CPU
		{F643C798-16CD-47C2-B8C7-5657B3885762}.Debug|Any CPU.Build.0 = Debug|Any CPU
		{F643C798-16CD-47C2-B8C7-5657B3885762}.Release|Any CPU.ActiveCfg = Release|Any CPU
		{F643C798-16CD-47C2-B8C7-5657B3885762}.Release|Any CPU.Build.0 = Release|Any CPU
		{EE1DB23B-7979-4F8A-80DF-25BF1BCFFA82}.Debug|Any CPU.ActiveCfg = Debug|Any CPU
		{EE1DB23B-7979-4F8A-80DF-25BF1BCFFA82}.Debug|Any CPU.Build.0 = Debug|Any CPU
		{EE1DB23B-7979-4F8A-80DF-25BF1BCFFA82}.Release|Any CPU.ActiveCfg = Release|Any CPU
		{EE1DB23B-7979-4F8A-80DF-25BF1BCFFA82}.Release|Any CPU.Build.0 = Release|Any CPU
		{67A4B10E-234A-47C1-8247-47BE5AA016AB}.Debug|Any CPU.ActiveCfg = Debug|Any CPU
		{67A4B10E-234A-47C1-8247-47BE5AA016AB}.Debug|Any CPU.Build.0 = Debug|Any CPU
		{67A4B10E-234A-47C1-8247-47BE5AA016AB}.Release|Any CPU.ActiveCfg = Release|Any CPU
		{67A4B10E-234A-47C1-8247-47BE5AA016AB}.Release|Any CPU.Build.0 = Release|Any CPU
		{2CAED0E9-0B3B-457A-A076-9EC4120EDE8E}.Debug|Any CPU.ActiveCfg = Debug|Any CPU
		{2CAED0E9-0B3B-457A-A076-9EC4120EDE8E}.Debug|Any CPU.Build.0 = Debug|Any CPU
		{2CAED0E9-0B3B-457A-A076-9EC4120EDE8E}.Release|Any CPU.ActiveCfg = Release|Any CPU
		{2CAED0E9-0B3B-457A-A076-9EC4120EDE8E}.Release|Any CPU.Build.0 = Release|Any CPU
		{F355ABB4-9E0A-428A-943C-45DDA1599EA6}.Debug|Any CPU.ActiveCfg = Debug|Any CPU
		{F355ABB4-9E0A-428A-943C-45DDA1599EA6}.Debug|Any CPU.Build.0 = Debug|Any CPU
		{F355ABB4-9E0A-428A-943C-45DDA1599EA6}.Release|Any CPU.ActiveCfg = Release|Any CPU
		{F355ABB4-9E0A-428A-943C-45DDA1599EA6}.Release|Any CPU.Build.0 = Release|Any CPU
		{853BA497-9A44-4F4B-9D8F-84E739F9263F}.Debug|Any CPU.ActiveCfg = Debug|Any CPU
		{853BA497-9A44-4F4B-9D8F-84E739F9263F}.Debug|Any CPU.Build.0 = Debug|Any CPU
		{853BA497-9A44-4F4B-9D8F-84E739F9263F}.Release|Any CPU.ActiveCfg = Release|Any CPU
		{853BA497-9A44-4F4B-9D8F-84E739F9263F}.Release|Any CPU.Build.0 = Release|Any CPU
		{69D792BF-1C3B-411B-B7AB-F247326D63BC}.Debug|Any CPU.ActiveCfg = Debug|Any CPU
		{69D792BF-1C3B-411B-B7AB-F247326D63BC}.Debug|Any CPU.Build.0 = Debug|Any CPU
		{69D792BF-1C3B-411B-B7AB-F247326D63BC}.Release|Any CPU.ActiveCfg = Release|Any CPU
		{69D792BF-1C3B-411B-B7AB-F247326D63BC}.Release|Any CPU.Build.0 = Release|Any CPU
	EndGlobalSection
	GlobalSection(SolutionProperties) = preSolution
		HideSolutionNode = FALSE
	EndGlobalSection
	GlobalSection(NestedProjects) = preSolution
		{9DF6B82C-F47A-4E9E-9CC3-E99AC69A0962} = {D9E4F1CD-54FD-499A-9427-36B0C83CED36}
		{52DFE81E-1860-4870-AE76-AE72A5C29F13} = {D9E4F1CD-54FD-499A-9427-36B0C83CED36}
		{1B66363B-792C-475A-8AF5-D04629148CBA} = {D9E4F1CD-54FD-499A-9427-36B0C83CED36}
		{C48074E8-8236-46C5-B1DF-BBC2C0C3977F} = {882616D9-D8CF-4BB1-8492-E6BE8C863B1B}
		{A1239A23-0162-40A5-9896-E1FEF7854350} = {882616D9-D8CF-4BB1-8492-E6BE8C863B1B}
		{F643C798-16CD-47C2-B8C7-5657B3885762} = {882616D9-D8CF-4BB1-8492-E6BE8C863B1B}
		{EE1DB23B-7979-4F8A-80DF-25BF1BCFFA82} = {AB6C73C1-B9FC-4E78-BA19-A9CF19D2BDE3}
		{67A4B10E-234A-47C1-8247-47BE5AA016AB} = {AB6C73C1-B9FC-4E78-BA19-A9CF19D2BDE3}
		{2CAED0E9-0B3B-457A-A076-9EC4120EDE8E} = {AB6C73C1-B9FC-4E78-BA19-A9CF19D2BDE3}
		{F355ABB4-9E0A-428A-943C-45DDA1599EA6} = {7425C8B4-F1E1-4C84-BAD3-F34879CEE016}
		{853BA497-9A44-4F4B-9D8F-84E739F9263F} = {7425C8B4-F1E1-4C84-BAD3-F34879CEE016}
		{69D792BF-1C3B-411B-B7AB-F247326D63BC} = {7425C8B4-F1E1-4C84-BAD3-F34879CEE016}
	EndGlobalSection
	GlobalSection(ExtensibilityGlobals) = postSolution
		SolutionGuid = {2CB2DBAF-A3AD-4D23-85EE-DA37B551D624}
	EndGlobalSection
EndGlobal
